
Microsoft Visual Studio Solution File, Format Version 12.00
# Visual Studio Version 17
VisualStudioVersion = 17.8.34330.188
MinimumVisualStudioVersion = 10.0.40219.1
Project("{888888A0-9F3D-457C-B088-3A5042F75D52}") = "Choose Your Own Adventure Project", "Choose Your Own Adventure Project.pyproj", "{889C027D-B542-46A9-8C13-149C285EAE29}"
EndProject
Global
	GlobalSection(SolutionConfigurationPlatforms) = preSolution
		Debug|Any CPU = Debug|Any CPU
		Release|Any CPU = Release|Any CPU
	EndGlobalSection
	GlobalSection(ProjectConfigurationPlatforms) = postSolution
		{889C027D-B542-46A9-8C13-149C285EAE29}.Debug|Any CPU.ActiveCfg = Debug|Any CPU
		{889C027D-B542-46A9-8C13-149C285EAE29}.Release|Any CPU.ActiveCfg = Release|Any CPU
	EndGlobalSection
	GlobalSection(SolutionProperties) = preSolution
		HideSolutionNode = FALSE
	EndGlobalSection
	GlobalSection(ExtensibilityGlobals) = postSolution
		SolutionGuid = {A97A9823-762E-4A8B-8BE3-9BFC706228A0}
	EndGlobalSection
EndGlobal
